
Microsoft Visual Studio Solution File, Format Version 12.00
Project("{FAE04EC0-301F-11D3-BF4B-00C04F79EFBC}") = "TechCore", "TechCore.csproj", "{92CF5FA0-9780-4C1F-8ADE-9F7283ADE818}"
EndProject
Global
	GlobalSection(SolutionConfigurationPlatforms) = preSolution
		Debug|Any CPU = Debug|Any CPU
		Release|Any CPU = Release|Any CPU
	EndGlobalSection
	GlobalSection(ProjectConfigurationPlatforms) = postSolution
		{92CF5FA0-9780-4C1F-8ADE-9F7283ADE818}.Debug|Any CPU.ActiveCfg = Debug|Any CPU
		{92CF5FA0-9780-4C1F-8ADE-9F7283ADE818}.Debug|Any CPU.Build.0 = Debug|Any CPU
		{92CF5FA0-9780-4C1F-8ADE-9F7283ADE818}.Release|Any CPU.ActiveCfg = Release|Any CPU
		{92CF5FA0-9780-4C1F-8ADE-9F7283ADE818}.Release|Any CPU.Build.0 = Release|Any CPU
	EndGlobalSection
EndGlobal
